{
  "version": 4,
  "terraform_version": "1.3.3",
  "serial": 7,
  "lineage": "13958674-aa68-d25a-3884-cab46f5c3c83",
  "outputs": {},
  "resources": [
    {
      "mode": "data",
      "type": "digitalocean_ssh_key",
      "name": "jornada",
      "provider": "provider[\"registry.terraform.io/digitalocean/digitalocean\"]",
      "instances": [
        {
          "schema_version": 0,
          "attributes": {
            "fingerprint": "1e:84:37:93:24:6c:b9:73:e8:f4:1c:c5:77:d0:fc:56",
            "id": 36538080,
            "name": "Jornada",
            "public_key": "ssh-rsa AAAAB3NzaC1yc2EAAAADAQABAAABAQCsjepemjgVcnoV8I2QKo7/2VqpcbNE+bYETXYL1nIGmy3T7TzbU6Fj2/FItJJBbwcRr5zUu66v5vGPypfbJCr0QS3aC4gy1LbULQ8hhglYt3y8SS64yB2Wn3RviHcIvRKu172jsYoSo2Lw3D+jrgvsWeqhc3c+FEZDH0wCiNY0UOWlXE7nohhxza5L9a946RL6gzhjAuvrz2MweJI/Q9DX8dyPMlH3no97iZGRhpedRimd0NEHvOyhKKZZdrefqWEiaj2pKXTRnjkyxeroz/dDsQrx2q49k/LjIY/uAN6Nji0spwAlFkCemSkswzj/sdYLgrU64H0czBpg0573X2hv jose-zavaleta@BRCGHL2127"
          },
          "sensitive_attributes": []
        }
      ]
    },
    {
      "mode": "managed",
      "type": "digitalocean_droplet",
      "name": "jenkins",
      "provider": "provider[\"registry.terraform.io/digitalocean/digitalocean\"]",
      "instances": [
        {
          "schema_version": 1,
          "attributes": {
            "backups": false,
            "created_at": "2022-10-20T14:16:54Z",
            "disk": 60,
            "droplet_agent": null,
            "graceful_shutdown": false,
            "id": "322031455",
            "image": "ubuntu-22-04-x64",
            "ipv4_address": "159.223.124.211",
            "ipv4_address_private": "10.116.0.2",
            "ipv6": false,
            "ipv6_address": "",
            "locked": false,
            "memory": 2048,
            "monitoring": false,
            "name": "jenkins-vm",
            "price_hourly": 0.02679,
            "price_monthly": 18,
            "private_networking": true,
            "region": "nyc1",
            "resize_disk": true,
            "size": "s-2vcpu-2gb",
            "ssh_keys": [
              "36538080"
            ],
            "status": "active",
            "tags": null,
            "timeouts": null,
            "urn": "do:droplet:322031455",
            "user_data": null,
            "vcpus": 2,
            "volume_ids": [],
            "vpc_uuid": "a5a8aa91-156f-426a-a006-15784f75c8e8"
          },
          "sensitive_attributes": [],
          "private": "eyJlMmJmYjczMC1lY2FhLTExZTYtOGY4OC0zNDM2M2JjN2M0YzAiOnsiY3JlYXRlIjozNjAwMDAwMDAwMDAwLCJkZWxldGUiOjYwMDAwMDAwMDAwLCJ1cGRhdGUiOjM2MDAwMDAwMDAwMDB9LCJzY2hlbWFfdmVyc2lvbiI6IjEifQ==",
          "dependencies": [
            "data.digitalocean_ssh_key.jornada"
          ]
        }
      ]
    }
  ],
  "check_results": []
}
